// !$*UTF8*$!
{
	archiveVersion = 1;
	classes = {
	};
	objectVersion = 77;
	objects = {

/* Begin PBXBuildFile section */
		FE6D36BE2F77AA1200AC9410 /* KlayboardExtension.appex in Embed Foundation Extensions */ = {isa = PBXBuildFile; fileRef = FE6D36B72F77AA1100AC9410 /* KlayboardExtension.appex */; settings = {ATTRIBUTES = (RemoveHeadersOnCopy, ); }; };
		FE6D36C92F77B34200AC9410 /* KeyboardDataStructures.swift in Sources */ = {isa = PBXBuildFile; fileRef = FE6D36C82F77B34200AC9410 /* KeyboardDataStructures.swift */; };
		FE6D36CA2F77B34200AC9410 /* BaseLayouts.swift in Sources */ = {isa = PBXBuildFile; fileRef = FE6D36C72F77B34200AC9410 /* BaseLayouts.swift */; };
		FE6D36CB2F77B34200AC9410 /* KeyboardDataStructures.swift in Sources */ = {isa = PBXBuildFile; fileRef = FE6D36C82F77B34200AC9410 /* KeyboardDataStructures.swift */; };
		FE6D36CC2F77B34200AC9410 /* BaseLayouts.swift in Sources */ = {isa = PBXBuildFile; fileRef = FE6D36C72F77B34200AC9410 /* BaseLayouts.swift */; };
/* End PBXBuildFile section */

/* Begin PBXContainerItemProxy section */
		FE6D36BC2F77AA1100AC9410 /* PBXContainerItemProxy */ = {
			isa = PBXContainerItemProxy;
			containerPortal = FE6D36932F77A98400AC9410 /* Project object */;
			proxyType = 1;
			remoteGlobalIDString = FE6D36B62F77AA1100AC9410;
			remoteInfo = KlayboardExtension;
		};
/* End PBXContainerItemProxy section */

/* Begin PBXCopyFilesBuildPhase section */
		FE6D36C32F77AA1200AC9410 /* Embed Foundation Extensions */ = {
			isa = PBXCopyFilesBuildPhase;
			buildActionMask = 2147483647;
			dstPath = "";
			dstSubfolderSpec = 13;
			files = (
				FE6D36BE2F77AA1200AC9410 /* KlayboardExtension.appex in Embed Foundation Extensions */,
			);
			name = "Embed Foundation Extensions";
			runOnlyForDeploymentPostprocessing = 0;
		};
/* End PBXCopyFilesBuildPhase section */

/* Begin PBXFileReference section */
		FE6D369B2F77A98400AC9410 /* Klayboard.app */ = {isa = PBXFileReference; explicitFileType = wrapper.application; includeInIndex = 0; path = Klayboard.app; sourceTree = BUILT_PRODUCTS_DIR; };
		FE6D36B72F77AA1100AC9410 /* KlayboardExtension.appex */ = {isa = PBXFileReference; explicitFileType = "wrapper.app-extension"; includeInIndex = 0; path = KlayboardExtension.appex; sourceTree = BUILT_PRODUCTS_DIR; };
		FE6D36C72F77B34200AC9410 /* BaseLayouts.swift */ = {isa = PBXFileReference; lastKnownFileType = sourcecode.swift; path = BaseLayouts.swift; sourceTree = "<group>"; };
		FE6D36C82F77B34200AC9410 /* KeyboardDataStructures.swift */ = {isa = PBXFileReference; lastKnownFileType = sourcecode.swift; path = KeyboardDataStructures.swift; sourceTree = "<group>"; };
/* End PBXFileReference section */

/* Begin PBXFileSystemSynchronizedBuildFileExceptionSet section */
		FE6D36DF2F77B4C100AC9410 /* Exceptions for "Klayboard" folder in "Klayboard" target */ = {
			isa = PBXFileSystemSynchronizedBuildFileExceptionSet;
			membershipExceptions = (
				"ContainerApp-Info.plist",
			);
			target = FE6D369A2F77A98400AC9410 /* Klayboard */;
		};
		FE6D36E02F77B5F700AC9410 /* Exceptions for "KlayboardExtension" folder in "KlayboardExtension" target */ = {
			isa = PBXFileSystemSynchronizedBuildFileExceptionSet;
			membershipExceptions = (
				"KeyboardExtension-Info.plist",
			);
			target = FE6D36B62F77AA1100AC9410 /* KlayboardExtension */;
		};
/* End PBXFileSystemSynchronizedBuildFileExceptionSet section */

/* Begin PBXFileSystemSynchronizedRootGroup section */
		FE6D369D2F77A98400AC9410 /* Klayboard */ = {
			isa = PBXFileSystemSynchronizedRootGroup;
			exceptions = (
				FE6D36DF2F77B4C100AC9410 /* Exceptions for "Klayboard" folder in "Klayboard" target */,
			);
			path = Klayboard;
			sourceTree = "<group>";
		};
		FE6D36B82F77AA1100AC9410 /* KlayboardExtension */ = {
			isa = PBXFileSystemSynchronizedRootGroup;
			exceptions = (
				FE6D36E02F77B5F700AC9410 /* Exceptions for "KlayboardExtension" folder in "KlayboardExtension" target */,
			);
			path = KlayboardExtension;
			sourceTree = "<group>";
		};
/* End PBXFileSystemSynchronizedRootGroup section */

/* Begin PBXFrameworksBuildPhase section */
		FE6D36982F77A98400AC9410 /* Frameworks */ = {
			isa = PBXFrameworksBuildPhase;
			buildActionMask = 2147483647;
			files = (
			);
			runOnlyForDeploymentPostprocessing = 0;
		};
		FE6D36B42F77AA1100AC9410 /* Frameworks */ = {
			isa = PBXFrameworksBuildPhase;
			buildActionMask = 2147483647;
			files = (
			);
			runOnlyForDeploymentPostprocessing = 0;
		};
/* End PBXFrameworksBuildPhase section */

/* Begin PBXGroup section */
		FE6D36922F77A98400AC9410 = {
			isa = PBXGroup;
			children = (
				FE6D36C62F77AB0900AC9410 /* Shared */,
				FE6D369D2F77A98400AC9410 /* Klayboard */,
				FE6D36B82F77AA1100AC9410 /* KlayboardExtension */,
				FE6D369C2F77A98400AC9410 /* Products */,
			);
			sourceTree = "<group>";
		};
		FE6D369C2F77A98400AC9410 /* Products */ = {
			isa = PBXGroup;
			children = (
				FE6D369B2F77A98400AC9410 /* Klayboard.app */,
				FE6D36B72F77AA1100AC9410 /* KlayboardExtension.appex */,
			);
			name = Products;
			sourceTree = "<group>";
		};
		FE6D36C62F77AB0900AC9410 /* Shared */ = {
			isa = PBXGroup;
			children = (
				FE6D36C72F77B34200AC9410 /* BaseLayouts.swift */,
				FE6D36C82F77B34200AC9410 /* KeyboardDataStructures.swift */,
			);
			path = Shared;
			sourceTree = "<group>";
		};
/* End PBXGroup section */

/* Begin PBXNativeTarget section */
		FE6D369A2F77A98400AC9410 /* Klayboard */ = {
			isa = PBXNativeTarget;
			buildConfigurationList = FE6D36AE2F77A98600AC9410 /* Build configuration list for PBXNativeTarget "Klayboard" */;
			buildPhases = (
				FE6D36972F77A98400AC9410 /* Sources */,
				FE6D36982F77A98400AC9410 /* Frameworks */,
				FE6D36992F77A98400AC9410 /* Resources */,
				FE6D36C32F77AA1200AC9410 /* Embed Foundation Extensions */,
			);
			buildRules = (
			);
			dependencies = (
				FE6D36BD2F77AA1100AC9410 /* PBXTargetDependency */,
			);
			fileSystemSynchronizedGroups = (
				FE6D369D2F77A98400AC9410 /* Klayboard */,
			);
			name = Klayboard;
			packageProductDependencies = (
			);
			productName = Klayboard;
			productReference = FE6D369B2F77A98400AC9410 /* Klayboard.app */;
			productType = "com.apple.product-type.application";
		};
		FE6D36B62F77AA1100AC9410 /* KlayboardExtension */ = {
			isa = PBXNativeTarget;
			buildConfigurationList = FE6D36BF2F77AA1200AC9410 /* Build configuration list for PBXNativeTarget "KlayboardExtension" */;
			buildPhases = (
				FE6D36B32F77AA1100AC9410 /* Sources */,
				FE6D36B42F77AA1100AC9410 /* Frameworks */,
				FE6D36B52F77AA1100AC9410 /* Resources */,
			);
			buildRules = (
			);
			dependencies = (
			);
			fileSystemSynchronizedGroups = (
				FE6D36B82F77AA1100AC9410 /* KlayboardExtension */,
			);
			name = KlayboardExtension;
			packageProductDependencies = (
			);
			productName = KlayboardExtension;
			productReference = FE6D36B72F77AA1100AC9410 /* KlayboardExtension.appex */;
			productType = "com.apple.product-type.app-extension";
		};
/* End PBXNativeTarget section */

/* Begin PBXProject section */
		FE6D36932F77A98400AC9410 /* Project object */ = {
			isa = PBXProject;
			attributes = {
				BuildIndependentTargetsInParallel = 1;
				LastSwiftUpdateCheck = 2640;
				LastUpgradeCheck = 2640;
				TargetAttributes = {
					FE6D369A2F77A98400AC9410 = {
						CreatedOnToolsVersion = 26.4;
						LastSwiftMigration = 2640;
					};
					FE6D36B62F77AA1100AC9410 = {
						CreatedOnToolsVersion = 26.4;
						LastSwiftMigration = 2640;
					};
				};
			};
			buildConfigurationList = FE6D36962F77A98400AC9410 /* Build configuration list for PBXProject "Klayboard" */;
			developmentRegion = en;
			hasScannedForEncodings = 0;
			knownRegions = (
				en,
				Base,
			);
			mainGroup = FE6D36922F77A98400AC9410;
			minimizedProjectReferenceProxies = 1;
			preferredProjectObjectVersion = 77;
			productRefGroup = FE6D369C2F77A98400AC9410 /* Products */;
			projectDirPath = "";
			projectRoot = "";
			targets = (
				FE6D369A2F77A98400AC9410 /* Klayboard */,
				FE6D36B62F77AA1100AC9410 /* KlayboardExtension */,
			);
		};
/* End PBXProject section */

/* Begin PBXResourcesBuildPhase section */
		FE6D36992F77A98400AC9410 /* Resources */ = {
			isa = PBXResourcesBuildPhase;
			buildActionMask = 2147483647;
			files = (
			);
			runOnlyForDeploymentPostprocessing = 0;
		};
		FE6D36B52F77AA1100AC9410 /* Resources */ = {
			isa = PBXResourcesBuildPhase;
			buildActionMask = 2147483647;
			files = (
			);
			runOnlyForDeploymentPostprocessing = 0;
		};
/* End PBXResourcesBuildPhase section */

/* Begin PBXSourcesBuildPhase section */
		FE6D36972F77A98400AC9410 /* Sources */ = {
			isa = PBXSourcesBuildPhase;
			buildActionMask = 2147483647;
			files = (
				FE6D36C92F77B34200AC9410 /* KeyboardDataStructures.swift in Sources */,
				FE6D36CA2F77B34200AC9410 /* BaseLayouts.swift in Sources */,
			);
			runOnlyForDeploymentPostprocessing = 0;
		};
		FE6D36B32F77AA1100AC9410 /* Sources */ = {
			isa = PBXSourcesBuildPhase;
			buildActionMask = 2147483647;
			files = (
				FE6D36CB2F77B34200AC9410 /* KeyboardDataStructures.swift in Sources */,
				FE6D36CC2F77B34200AC9410 /* BaseLayouts.swift in Sources */,
			);
			runOnlyForDeploymentPostprocessing = 0;
		};
/* End PBXSourcesBuildPhase section */

/* Begin PBXTargetDependency section */
		FE6D36BD2F77AA1100AC9410 /* PBXTargetDependency */ = {
			isa = PBXTargetDependency;
			target = FE6D36B62F77AA1100AC9410 /* KlayboardExtension */;
			targetProxy = FE6D36BC2F77AA1100AC9410 /* PBXContainerItemProxy */;
		};
/* End PBXTargetDependency section */

/* Begin XCBuildConfiguration section */
		FE6D36AF2F77A98600AC9410 /* Debug */ = {
			isa = XCBuildConfiguration;
			buildSettings = {
				ASSETCATALOG_COMPILER_APPICON_NAME = AppIcon;
				ASSETCATALOG_COMPILER_GLOBAL_ACCENT_COLOR_NAME = AccentColor;
				CLANG_ENABLE_MODULES = YES;
				CODE_SIGN_ENTITLEMENTS = Klayboard/Klayboard.entitlements;
				CODE_SIGN_STYLE = Automatic;
				CURRENT_PROJECT_VERSION = 1;
				DEVELOPMENT_TEAM = 9Y77PNP57U;
				GENERATE_INFOPLIST_FILE = YES;
				INFOPLIST_FILE = "Klayboard/ContainerApp-Info.plist";
				INFOPLIST_KEY_CFBundleDisplayName = KlayBoard;
				INFOPLIST_KEY_UIApplicationSupportsIndirectInputEvents = YES;
				INFOPLIST_KEY_UILaunchStoryboardName = LaunchScreen;
				INFOPLIST_KEY_UISupportedInterfaceOrientations = UIInterfaceOrientationPortrait;
				INFOPLIST_KEY_UISupportedInterfaceOrientations_iPad = "UIInterfaceOrientationPortrait UIInterfaceOrientationPortraitUpsideDown UIInterfaceOrientationLandscapeLeft UIInterfaceOrientationLandscapeRight";
				INFOPLIST_KEY_UISupportedInterfaceOrientations_iPhone = "UIInterfaceOrientationPortrait UIInterfaceOrientationLandscapeLeft UIInterfaceOrientationLandscapeRight";
				IPHONEOS_DEPLOYMENT_TARGET = 17.6;
				LD_RUNPATH_SEARCH_PATHS = (
					"$(inherited)",
					"@executable_path/Frameworks",
				);
				MARKETING_VERSION = 1.0;
				PRODUCT_BUNDLE_IDENTIFIER = GeekyZeke.Klayboard;
				PRODUCT_NAME = "$(TARGET_NAME)";
				STRING_CATALOG_GENERATE_SYMBOLS = YES;
				SUPPORTED_PLATFORMS = "iphoneos iphonesimulator";
				SUPPORTS_MACCATALYST = NO;
				SUPPORTS_MAC_DESIGNED_FOR_IPHONE_IPAD = NO;
				SUPPORTS_XR_DESIGNED_FOR_IPHONE_IPAD = NO;
				SWIFT_APPROACHABLE_CONCURRENCY = YES;
				SWIFT_DEFAULT_ACTOR_ISOLATION = MainActor;
				SWIFT_EMIT_LOC_STRINGS = YES;
				SWIFT_OPTIMIZATION_LEVEL = "-Onone";
				SWIFT_UPCOMING_FEATURE_MEMBER_IMPORT_VISIBILITY = YES;
				SWIFT_VERSION = 5.0;
				TARGETED_DEVICE_FAMILY = "1,2";
			};
			name = Debug;
		};
		FE6D36B02F77A98600AC9410 /* Release */ = {
			isa = XCBuildConfiguration;
			buildSettings = {
				ASSETCATALOG_COMPILER_APPICON_NAME = AppIcon;
				ASSETCATALOG_COMPILER_GLOBAL_ACCENT_COLOR_NAME = AccentColor;
				CLANG_ENABLE_MODULES = YES;
				CODE_SIGN_ENTITLEMENTS = Klayboard/Klayboard.entitlements;
				CODE_SIGN_STYLE = Automatic;
				CURRENT_PROJECT_VERSION = 1;
				DEVELOPMENT_TEAM = 9Y77PNP57U;
				GENERATE_INFOPLIST_FILE = YES;
				INFOPLIST_FILE = "Klayboard/ContainerApp-Info.plist";
				INFOPLIST_KEY_CFBundleDisplayName = KlayBoard;
				INFOPLIST_KEY_UIApplicationSupportsIndirectInputEvents = YES;
				INFOPLIST_KEY_UILaunchStoryboardName = LaunchScreen;
				INFOPLIST_KEY_UISupportedInterfaceOrientations = UIInterfaceOrientationPortrait;
				INFOPLIST_KEY_UISupportedInterfaceOrientations_iPad = "UIInterfaceOrientationPortrait UIInterfaceOrientationPortraitUpsideDown UIInterfaceOrientationLandscapeLeft UIInterfaceOrientationLandscapeRight";
				INFOPLIST_KEY_UISupportedInterfaceOrientations_iPhone = "UIInterfaceOrientationPortrait UIInterfaceOrientationLandscapeLeft UIInterfaceOrientationLandscapeRight";
				IPHONEOS_DEPLOYMENT_TARGET = 17.6;
				LD_RUNPATH_SEARCH_PATHS = (
					"$(inherited)",
					"@executable_path/Frameworks",
				);
				MARKETING_VERSION = 1.0;
				PRODUCT_BUNDLE_IDENTIFIER = GeekyZeke.Klayboard;
				PRODUCT_NAME = "$(TARGET_NAME)";
				STRING_CATALOG_GENERATE_SYMBOLS = YES;
				SUPPORTED_PLATFORMS = "iphoneos iphonesimulator";
				SUPPORTS_MACCATALYST = NO;
				SUPPORTS_MAC_DESIGNED_FOR_IPHONE_IPAD = NO;
				SUPPORTS_XR_DESIGNED_FOR_IPHONE_IPAD = NO;
				SWIFT_APPROACHABLE_CONCURRENCY = YES;
				SWIFT_DEFAULT_ACTOR_ISOLATION = MainActor;
				SWIFT_EMIT_LOC_STRINGS = YES;
				SWIFT_UPCOMING_FEATURE_MEMBER_IMPORT_VISIBILITY = YES;
				SWIFT_VERSION = 5.0;
				TARGETED_DEVICE_FAMILY = "1,2";
			};
			name = Release;
		};
		FE6D36B12F77A98600AC9410 /* Debug */ = {
			isa = XCBuildConfiguration;
			buildSettings = {
				ALWAYS_SEARCH_USER_PATHS = NO;
				ASSETCATALOG_COMPILER_GENERATE_SWIFT_ASSET_SYMBOL_EXTENSIONS = YES;
				CLANG_ANALYZER_NONNULL = YES;
				CLANG_ANALYZER_NUMBER_OBJECT_CONVERSION = YES_AGGRESSIVE;
				CLANG_CXX_LANGUAGE_STANDARD = "gnu++20";
				CLANG_ENABLE_MODULES = YES;
				CLANG_ENABLE_OBJC_ARC = YES;
				CLANG_ENABLE_OBJC_WEAK = YES;
				CLANG_WARN_BLOCK_CAPTURE_AUTORELEASING = YES;
				CLANG_WARN_BOOL_CONVERSION = YES;
				CLANG_WARN_COMMA = YES;
				CLANG_WARN_CONSTANT_CONVERSION = YES;
				CLANG_WARN_DEPRECATED_OBJC_IMPLEMENTATIONS = YES;
				CLANG_WARN_DIRECT_OBJC_ISA_USAGE = YES_ERROR;
				CLANG_WARN_DOCUMENTATION_COMMENTS = YES;
				CLANG_WARN_EMPTY_BODY = YES;
				CLANG_WARN_ENUM_CONVERSION = YES;
				CLANG_WARN_INFINITE_RECURSION = YES;
				CLANG_WARN_INT_CONVERSION = YES;
				CLANG_WARN_NON_LITERAL_NULL_CONVERSION = YES;
				CLANG_WARN_OBJC_IMPLICIT_RETAIN_SELF = YES;
				CLANG_WARN_OBJC_LITERAL_CONVERSION = YES;
				CLANG_WARN_OBJC_ROOT_CLASS = YES_ERROR;
				CLANG_WARN_QUOTED_INCLUDE_IN_FRAMEWORK_HEADER = YES;
				CLANG_WARN_RANGE_LOOP_ANALYSIS = YES;
				CLANG_WARN_STRICT_PROTOTYPES = YES;
				CLANG_WARN_SUSPICIOUS_MOVE = YES;
				CLANG_WARN_UNGUARDED_AVAILABILITY = YES_AGGRESSIVE;
				CLANG_WARN_UNREACHABLE_CODE = YES;
				CLANG_WARN__DUPLICATE_METHOD_MATCH = YES;
				COPY_PHASE_STRIP = NO;
				DEBUG_INFORMATION_FORMAT = dwarf;
				DEVELOPMENT_TEAM = 9Y77PNP57U;
				ENABLE_STRICT_OBJC_MSGSEND = YES;
				ENABLE_TESTABILITY = YES;
				ENABLE_USER_SCRIPT_SANDBOXING = YES;
				GCC_C_LANGUAGE_STANDARD = gnu17;
				GCC_DYNAMIC_NO_PIC = NO;
				GCC_NO_COMMON_BLOCKS = YES;
				GCC_OPTIMIZATION_LEVEL = 0;
				GCC_PREPROCESSOR_DEFINITIONS = (
					"DEBUG=1",
					"$(inherited)",
				);
				GCC_WARN_64_TO_32_BIT_CONVERSION = YES;
				GCC_WARN_ABOUT_RETURN_TYPE = YES_ERROR;
				GCC_WARN_UNDECLARED_SELECTOR = YES;
				GCC_WARN_UNINITIALIZED_AUTOS = YES_AGGRESSIVE;
				GCC_WARN_UNUSED_FUNCTION = YES;
				GCC_WARN_UNUSED_VARIABLE = YES;
				IPHONEOS_DEPLOYMENT_TARGET = 26.4;
				LOCALIZATION_PREFERS_STRING_CATALOGS = YES;
				MTL_ENABLE_DEBUG_INFO = INCLUDE_SOURCE;
				MTL_FAST_MATH = YES;
				ONLY_ACTIVE_ARCH = YES;
				SDKROOT = iphoneos;
				SWIFT_ACTIVE_COMPILATION_CONDITIONS = "DEBUG $(inherited)";
				SWIFT_OPTIMIZATION_LEVEL = "-Onone";
			};
			name = Debug;
		};
		FE6D36B22F77A98600AC9410 /* Release */ = {
			isa = XCBuildConfiguration;
			buildSettings = {
				ALWAYS_SEARCH_USER_PATHS = NO;
				ASSETCATALOG_COMPILER_GENERATE_SWIFT_ASSET_SYMBOL_EXTENSIONS = YES;
				CLANG_ANALYZER_NONNULL = YES;
				CLANG_ANALYZER_NUMBER_OBJECT_CONVERSION = YES_AGGRESSIVE;
				CLANG_CXX_LANGUAGE_STANDARD = "gnu++20";
				CLANG_ENABLE_MODULES = YES;
				CLANG_ENABLE_OBJC_ARC = YES;
				CLANG_ENABLE_OBJC_WEAK = YES;
				CLANG_WARN_BLOCK_CAPTURE_AUTORELEASING = YES;
				CLANG_WARN_BOOL_CONVERSION = YES;
				CLANG_WARN_COMMA = YES;
				CLANG_WARN_CONSTANT_CONVERSION = YES;
				CLANG_WARN_DEPRECATED_OBJC_IMPLEMENTATIONS = YES;
				CLANG_WARN_DIRECT_OBJC_ISA_USAGE = YES_ERROR;
				CLANG_WARN_DOCUMENTATION_COMMENTS = YES;
				CLANG_WARN_EMPTY_BODY = YES;
				CLANG_WARN_ENUM_CONVERSION = YES;
				CLANG_WARN_INFINITE_RECURSION = YES;
				CLANG_WARN_INT_CONVERSION = YES;
				CLANG_WARN_NON_LITERAL_NULL_CONVERSION = YES;
				CLANG_WARN_OBJC_IMPLICIT_RETAIN_SELF = YES;
				CLANG_WARN_OBJC_LITERAL_CONVERSION = YES;
				CLANG_WARN_OBJC_ROOT_CLASS = YES_ERROR;
				CLANG_WARN_QUOTED_INCLUDE_IN_FRAMEWORK_HEADER = YES;
				CLANG_WARN_RANGE_LOOP_ANALYSIS = YES;
				CLANG_WARN_STRICT_PROTOTYPES = YES;
				CLANG_WARN_SUSPICIOUS_MOVE = YES;
				CLANG_WARN_UNGUARDED_AVAILABILITY = YES_AGGRESSIVE;
				CLANG_WARN_UNREACHABLE_CODE = YES;
				CLANG_WARN__DUPLICATE_METHOD_MATCH = YES;
				COPY_PHASE_STRIP = NO;
				DEBUG_INFORMATION_FORMAT = "dwarf-with-dsym";
				DEVELOPMENT_TEAM = 9Y77PNP57U;
				ENABLE_NS_ASSERTIONS = NO;
				ENABLE_STRICT_OBJC_MSGSEND = YES;
				ENABLE_USER_SCRIPT_SANDBOXING = YES;
				GCC_C_LANGUAGE_STANDARD = gnu17;
				GCC_NO_COMMON_BLOCKS = YES;
				GCC_WARN_64_TO_32_BIT_CONVERSION = YES;
				GCC_WARN_ABOUT_RETURN_TYPE = YES_ERROR;
				GCC_WARN_UNDECLARED_SELECTOR = YES;
				GCC_WARN_UNINITIALIZED_AUTOS = YES_AGGRESSIVE;
				GCC_WARN_UNUSED_FUNCTION = YES;
				GCC_WARN_UNUSED_VARIABLE = YES;
				IPHONEOS_DEPLOYMENT_TARGET = 26.4;
				LOCALIZATION_PREFERS_STRING_CATALOGS = YES;
				MTL_ENABLE_DEBUG_INFO = NO;
				MTL_FAST_MATH = YES;
				SDKROOT = iphoneos;
				SWIFT_COMPILATION_MODE = wholemodule;
				VALIDATE_PRODUCT = YES;
			};
			name = Release;
		};
		FE6D36C02F77AA1200AC9410 /* Debug */ = {
			isa = XCBuildConfiguration;
			buildSettings = {
				CLANG_ENABLE_MODULES = YES;
				CODE_SIGN_ENTITLEMENTS = KlayboardExtension/KlayboardExtension.entitlements;
				CODE_SIGN_STYLE = Automatic;
				CURRENT_PROJECT_VERSION = 1;
				DEVELOPMENT_TEAM = 9Y77PNP57U;
				GENERATE_INFOPLIST_FILE = YES;
				INFOPLIST_FILE = "KlayboardExtension/KeyboardExtension-Info.plist";
				INFOPLIST_KEY_CFBundleDisplayName = KlayboardExtension;
				INFOPLIST_KEY_NSHumanReadableCopyright = "";
				IPHONEOS_DEPLOYMENT_TARGET = 15.6;
				LD_RUNPATH_SEARCH_PATHS = (
					"$(inherited)",
					"@executable_path/Frameworks",
					"@executable_path/../../Frameworks",
				);
				MARKETING_VERSION = 1.0;
				PRODUCT_BUNDLE_IDENTIFIER = GeekyZeke.Klayboard.KlayboardExtension;
				PRODUCT_NAME = "$(TARGET_NAME)";
				SKIP_INSTALL = YES;
				STRING_CATALOG_GENERATE_SYMBOLS = YES;
				SUPPORTED_PLATFORMS = "iphoneos iphonesimulator";
				SUPPORTS_MACCATALYST = NO;
				SUPPORTS_MAC_DESIGNED_FOR_IPHONE_IPAD = NO;
				SUPPORTS_XR_DESIGNED_FOR_IPHONE_IPAD = NO;
				SWIFT_APPROACHABLE_CONCURRENCY = YES;
				SWIFT_EMIT_LOC_STRINGS = YES;
				SWIFT_OPTIMIZATION_LEVEL = "-Onone";
				SWIFT_UPCOMING_FEATURE_MEMBER_IMPORT_VISIBILITY = YES;
				SWIFT_VERSION = 5.0;
				TARGETED_DEVICE_FAMILY = "1,2";
			};
			name = Debug;
		};
		FE6D36C12F77AA1200AC9410 /* Release */ = {
			isa = XCBuildConfiguration;
			buildSettings = {
				CLANG_ENABLE_MODULES = YES;
				CODE_SIGN_ENTITLEMENTS = KlayboardExtension/KlayboardExtension.entitlements;
				CODE_SIGN_STYLE = Automatic;
				CURRENT_PROJECT_VERSION = 1;
				DEVELOPMENT_TEAM = 9Y77PNP57U;
				GENERATE_INFOPLIST_FILE = YES;
				INFOPLIST_FILE = "KlayboardExtension/KeyboardExtension-Info.plist";
				INFOPLIST_KEY_CFBundleDisplayName = KlayboardExtension;
				INFOPLIST_KEY_NSHumanReadableCopyright = "";
				IPHONEOS_DEPLOYMENT_TARGET = 15.6;
				LD_RUNPATH_SEARCH_PATHS = (
					"$(inherited)",
					"@executable_path/Frameworks",
					"@executable_path/../../Frameworks",
				);
				MARKETING_VERSION = 1.0;
				PRODUCT_BUNDLE_IDENTIFIER = GeekyZeke.Klayboard.KlayboardExtension;
				PRODUCT_NAME = "$(TARGET_NAME)";
				SKIP_INSTALL = YES;
				STRING_CATALOG_GENERATE_SYMBOLS = YES;
				SUPPORTED_PLATFORMS = "iphoneos iphonesimulator";
				SUPPORTS_MACCATALYST = NO;
				SUPPORTS_MAC_DESIGNED_FOR_IPHONE_IPAD = NO;
				SUPPORTS_XR_DESIGNED_FOR_IPHONE_IPAD = NO;
				SWIFT_APPROACHABLE_CONCURRENCY = YES;
				SWIFT_EMIT_LOC_STRINGS = YES;
				SWIFT_UPCOMING_FEATURE_MEMBER_IMPORT_VISIBILITY = YES;
				SWIFT_VERSION = 5.0;
				TARGETED_DEVICE_FAMILY = "1,2";
			};
			name = Release;
		};
/* End XCBuildConfiguration section */

/* Begin XCConfigurationList section */
		FE6D36962F77A98400AC9410 /* Build configuration list for PBXProject "Klayboard" */ = {
			isa = XCConfigurationList;
			buildConfigurations = (
				FE6D36B12F77A98600AC9410 /* Debug */,
				FE6D36B22F77A98600AC9410 /* Release */,
			);
			defaultConfigurationIsVisible = 0;
			defaultConfigurationName = Release;
		};
		FE6D36AE2F77A98600AC9410 /* Build configuration list for PBXNativeTarget "Klayboard" */ = {
			isa = XCConfigurationList;
			buildConfigurations = (
				FE6D36AF2F77A98600AC9410 /* Debug */,
				FE6D36B02F77A98600AC9410 /* Release */,
			);
			defaultConfigurationIsVisible = 0;
			defaultConfigurationName = Release;
		};
		FE6D36BF2F77AA1200AC9410 /* Build configuration list for PBXNativeTarget "KlayboardExtension" */ = {
			isa = XCConfigurationList;
			buildConfigurations = (
				FE6D36C02F77AA1200AC9410 /* Debug */,
				FE6D36C12F77AA1200AC9410 /* Release */,
			);
			defaultConfigurationIsVisible = 0;
			defaultConfigurationName = Release;
		};
/* End XCConfigurationList section */
	};
	rootObject = FE6D36932F77A98400AC9410 /* Project object */;
}
